
Microsoft Visual Studio Solution File, Format Version 12.00
# Visual Studio Version 16
VisualStudioVersion = 16.0.29001.49
MinimumVisualStudioVersion = 10.0.40219.1
Project("{FAE04EC0-301F-11D3-BF4B-00C04F79EFBC}") = "Colecciones", "Colecciones\Colecciones.csproj", "{09A4700E-4C85-40BB-A009-6070327B5BDE}"
EndProject
Global
	GlobalSection(SolutionConfigurationPlatforms) = preSolution
		Debug|Any CPU = Debug|Any CPU
		Release|Any CPU = Release|Any CPU
	EndGlobalSection
	GlobalSection(ProjectConfigurationPlatforms) = postSolution
		{09A4700E-4C85-40BB-A009-6070327B5BDE}.Debug|Any CPU.ActiveCfg = Debug|Any CPU
		{09A4700E-4C85-40BB-A009-6070327B5BDE}.Debug|Any CPU.Build.0 = Debug|Any CPU
		{09A4700E-4C85-40BB-A009-6070327B5BDE}.Release|Any CPU.ActiveCfg = Release|Any CPU
		{09A4700E-4C85-40BB-A009-6070327B5BDE}.Release|Any CPU.Build.0 = Release|Any CPU
	EndGlobalSection
	GlobalSection(SolutionProperties) = preSolution
		HideSolutionNode = FALSE
	EndGlobalSection
	GlobalSection(ExtensibilityGlobals) = postSolution
		SolutionGuid = {A47D3517-CF1F-45B1-AFD4-C02BE2818C04}
	EndGlobalSection
EndGlobal
